
Microsoft Visual Studio Solution File, Format Version 12.00
# Visual Studio Version 16
VisualStudioVersion = 16.0.31321.278
MinimumVisualStudioVersion = 10.0.40219.1
Project("{FAE04EC0-301F-11D3-BF4B-00C04F79EFBC}") = "course", "course\course.csproj", "{0EEBDAD7-A8FF-47FE-BFF1-F316A5B1723B}"
EndProject
Global
	GlobalSection(SolutionConfigurationPlatforms) = preSolution
		Debug|Any CPU = Debug|Any CPU
		Release|Any CPU = Release|Any CPU
	EndGlobalSection
	GlobalSection(ProjectConfigurationPlatforms) = postSolution
		{0EEBDAD7-A8FF-47FE-BFF1-F316A5B1723B}.Debug|Any CPU.ActiveCfg = Debug|Any CPU
		{0EEBDAD7-A8FF-47FE-BFF1-F316A5B1723B}.Debug|Any CPU.Build.0 = Debug|Any CPU
		{0EEBDAD7-A8FF-47FE-BFF1-F316A5B1723B}.Release|Any CPU.ActiveCfg = Release|Any CPU
		{0EEBDAD7-A8FF-47FE-BFF1-F316A5B1723B}.Release|Any CPU.Build.0 = Release|Any CPU
	EndGlobalSection
	GlobalSection(SolutionProperties) = preSolution
		HideSolutionNode = FALSE
	EndGlobalSection
	GlobalSection(ExtensibilityGlobals) = postSolution
		SolutionGuid = {AC1E17F3-867F-405E-95F3-A406D0EC6AC9}
	EndGlobalSection
EndGlobal
